
Microsoft Visual Studio Solution File, Format Version 12.00
# Visual Studio Version 16
VisualStudioVersion = 16.0.31729.503
MinimumVisualStudioVersion = 10.0.40219.1
Project("{8BC9CEB8-8B4A-11D0-8D11-00A0C91BC942}") = "P2-Laborator6", "P2-Laborator6\P2-Laborator6.vcxproj", "{6F264CD7-988B-4AE2-BB5A-B85EE7F50B31}"
EndProject
Global
	GlobalSection(SolutionConfigurationPlatforms) = preSolution
		Debug|x64 = Debug|x64
		Debug|x86 = Debug|x86
		Release|x64 = Release|x64
		Release|x86 = Release|x86
	EndGlobalSection
	GlobalSection(ProjectConfigurationPlatforms) = postSolution
		{6F264CD7-988B-4AE2-BB5A-B85EE7F50B31}.Debug|x64.ActiveCfg = Debug|x64
		{6F264CD7-988B-4AE2-BB5A-B85EE7F50B31}.Debug|x64.Build.0 = Debug|x64
		{6F264CD7-988B-4AE2-BB5A-B85EE7F50B31}.Debug|x86.ActiveCfg = Debug|Win32
		{6F264CD7-988B-4AE2-BB5A-B85EE7F50B31}.Debug|x86.Build.0 = Debug|Win32
		{6F264CD7-988B-4AE2-BB5A-B85EE7F50B31}.Release|x64.ActiveCfg = Release|x64
		{6F264CD7-988B-4AE2-BB5A-B85EE7F50B31}.Release|x64.Build.0 = Release|x64
		{6F264CD7-988B-4AE2-BB5A-B85EE7F50B31}.Release|x86.ActiveCfg = Release|Win32
		{6F264CD7-988B-4AE2-BB5A-B85EE7F50B31}.Release|x86.Build.0 = Release|Win32
	EndGlobalSection
	GlobalSection(SolutionProperties) = preSolution
		HideSolutionNode = FALSE
	EndGlobalSection
	GlobalSection(ExtensibilityGlobals) = postSolution
		SolutionGuid = {5D7E4403-799B-43E6-9279-135D20101140}
	EndGlobalSection
EndGlobal
